{
  "name": "statsig-to-confidence-node-server",
  "version": "0.0.0",
  "lockfileVersion": 3,
  "requires": true,
  "packages": {
    "": {
      "name": "statsig-to-confidence-node-server",
      "version": "0.0.0",
      "dependencies": {
        "@openfeature/server-sdk": "^1.18.0",
        "@spotify-confidence/openfeature-server-provider-local": "^0.14.0"
      },
      "devDependencies": {
        "@types/node": "^25.9.1",
        "typescript": "^5.6.0"
      }
    },
    "node_modules/@bufbuild/protobuf": {
      "version": "2.12.0",
      "resolved": "https://artifactory.spotify.net/artifactory/api/npm/virtual-npm/@bufbuild/protobuf/-/protobuf-2.12.0.tgz",
      "integrity": "sha512-B/XlCaFIP8LOwzo+bz5uFzATYokcwCKQcghqnlfwSmM5eX/qTkvDBnDPs+gXtX/RyjxJ4DRikECcPJbyALA8FA==",
      "license": "(Apache-2.0 AND BSD-3-Clause)"
    },
    "node_modules/@openfeature/core": {
      "version": "1.10.0",
      "resolved": "https://artifactory.spotify.net/artifactory/api/npm/virtual-npm/@openfeature/core/-/core-1.10.0.tgz",
      "integrity": "sha512-C3ynxtPYhe5qVJgQIqCNxZXeRXo4t1Eo86uiROr8+sD6F2OjEJGIp6VOGxz+r6jkad2s8Br9BnUJOvskhai/3A==",
      "license": "Apache-2.0",
      "peer": true
    },
    "node_modules/@openfeature/server-sdk": {
      "version": "1.21.0",
      "resolved": "https://artifactory.spotify.net/artifactory/api/npm/virtual-npm/@openfeature/server-sdk/-/server-sdk-1.21.0.tgz",
      "integrity": "sha512-ZBVAiyMeN+dxurcXGJlvuOpYg9X7V923MVCI5dq/kE/5o8ys7MCOPhW44e4PS+XABHzSRTw44hcgWez93xwifw==",
      "license": "Apache-2.0",
      "engines": {
        "node": ">=20"
      },
      "peerDependencies": {
        "@openfeature/core": "^1.10.0"
      }
    },
    "node_modules/@spotify-confidence/openfeature-server-provider-local": {
      "version": "0.14.2",
      "resolved": "https://artifactory.spotify.net/artifactory/api/npm/virtual-npm/@spotify-confidence/openfeature-server-provider-local/-/openfeature-server-provider-local-0.14.2.tgz",
      "integrity": "sha512-PzmgPl9RXM0smM8cRco4h+CS3SrhbHfOxhtd5KzkpILYJcTvqytJW154hJmhx8lOIfNj1gaZBLrl0soy/hiz8g==",
      "license": "Apache-2.0",
      "dependencies": {
        "@bufbuild/protobuf": "^2.9.0"
      },
      "peerDependencies": {
        "@openfeature/core": "^1.0.0",
        "debug": "^4.4.3",
        "next": ">=13.0.0",
        "react": "^18.0.0 || ^19.0.0"
      },
      "peerDependenciesMeta": {
        "@openfeature/core": {
          "optional": true
        },
        "debug": {
          "optional": true
        },
        "next": {
          "optional": true
        },
        "react": {
          "optional": true
        }
      }
    },
    "node_modules/@types/node": {
      "version": "25.9.1",
      "resolved": "https://artifactory.spotify.net/artifactory/api/npm/virtual-npm/@types/node/-/node-25.9.1.tgz",
      "integrity": "sha512-xfrlY7UD5rMJk3ZVJP8BNzS28J36YJg+xp+LPXV1TdWxr8uMH5A860QNxYDGQe/ylDSgjxE52Q9VnO7p75tJxg==",
      "dev": true,
      "license": "MIT",
      "dependencies": {
        "undici-types": ">=7.24.0 <7.24.7"
      }
    },
    "node_modules/typescript": {
      "version": "5.9.3",
      "resolved": "https://artifactory.spotify.net/artifactory/api/npm/virtual-npm/typescript/-/typescript-5.9.3.tgz",
      "integrity": "sha512-jl1vZzPDinLr9eUt3J/t7V6FgNEw9QjvBPdysz9KfQDD41fQrC2Y4vKQdiaUpFT4bXlb1RHhLpp8wtm6M5TgSw==",
      "dev": true,
      "license": "Apache-2.0",
      "bin": {
        "tsc": "bin/tsc",
        "tsserver": "bin/tsserver"
      },
      "engines": {
        "node": ">=14.17"
      }
    },
    "node_modules/undici-types": {
      "version": "7.24.6",
      "resolved": "https://artifactory.spotify.net/artifactory/api/npm/virtual-npm/undici-types/-/undici-types-7.24.6.tgz",
      "integrity": "sha512-WRNW+sJgj5OBN4/0JpHFqtqzhpbnV0GuB+OozA9gCL7a993SmU+1JBZCzLNxYsbMfIeDL+lTsphD5jN5N+n0zg==",
      "dev": true,
      "license": "MIT"
    }
  }
}
